// !$*UTF8*$!
{
	archiveVersion = 1;
	classes = {
	};
	objectVersion = 56;
	objects = {

/* Begin PBXBuildFile section */
		4A1F24642AEA8628005B264F /* AppDelegate.swift in Sources */ = {isa = PBXBuildFile; fileRef = 4A1F24632AEA8628005B264F /* AppDelegate.swift */; };
		4A1F24662AEA8628005B264F /* SceneDelegate.swift in Sources */ = {isa = PBXBuildFile; fileRef = 4A1F24652AEA8628005B264F /* SceneDelegate.swift */; };
		4A1F24682AEA8628005B264F /* WelcomeViewController.swift in Sources */ = {isa = PBXBuildFile; fileRef = 4A1F24672AEA8628005B264F /* WelcomeViewController.swift */; };
		4A1F246D2AEA8629005B264F /* Assets.xcassets in Resources */ = {isa = PBXBuildFile; fileRef = 4A1F246C2AEA8629005B264F /* Assets.xcassets */; };
		4A1F24702AEA8629005B264F /* LaunchScreen.storyboard in Resources */ = {isa = PBXBuildFile; fileRef = 4A1F246E2AEA8629005B264F /* LaunchScreen.storyboard */; };
		4A1F248B2AEA90A2005B264F /* PartyQuest_Tests.swift in Sources */ = {isa = PBXBuildFile; fileRef = 4A1F248A2AEA90A2005B264F /* PartyQuest_Tests.swift */; };
		4A1F24922AEBE14A005B264F /* Coordinator.swift in Sources */ = {isa = PBXBuildFile; fileRef = 4A1F24912AEBE14A005B264F /* Coordinator.swift */; };
		4A1F24942AEBE1CB005B264F /* BaseCoordinator.swift in Sources */ = {isa = PBXBuildFile; fileRef = 4A1F24932AEBE1CB005B264F /* BaseCoordinator.swift */; };
		4A1F24962AEBE229005B264F /* AppCoordinator.swift in Sources */ = {isa = PBXBuildFile; fileRef = 4A1F24952AEBE229005B264F /* AppCoordinator.swift */; };
		4A1F24982AEBE2A6005B264F /* WelcomeCoordinator.swift in Sources */ = {isa = PBXBuildFile; fileRef = 4A1F24972AEBE2A6005B264F /* WelcomeCoordinator.swift */; };
		4A6A25AF2AF21D33000CA63F /* LogInCoordinator.swift in Sources */ = {isa = PBXBuildFile; fileRef = 4A6A25AE2AF21D33000CA63F /* LogInCoordinator.swift */; };
		4A6A25B22AF22FC1000CA63F /* SignUpCoordinator.swift in Sources */ = {isa = PBXBuildFile; fileRef = 4A6A25B12AF22FC1000CA63F /* SignUpCoordinator.swift */; };
		4A6A25B42AF2303F000CA63F /* SignUpViewModel.swift in Sources */ = {isa = PBXBuildFile; fileRef = 4A6A25B32AF2303F000CA63F /* SignUpViewModel.swift */; };
		4A6A25B62AF23096000CA63F /* SignUpViewController.swift in Sources */ = {isa = PBXBuildFile; fileRef = 4A6A25B52AF23096000CA63F /* SignUpViewController.swift */; };
		4A6A25B82AF23DD4000CA63F /* String+RegularExpression.swift in Sources */ = {isa = PBXBuildFile; fileRef = 4A6A25B72AF23DD4000CA63F /* String+RegularExpression.swift */; };
		4A6A25CC2AF37A12000CA63F /* Bundle+NetworkInfo.swift in Sources */ = {isa = PBXBuildFile; fileRef = 4A6A25C92AF37A12000CA63F /* Bundle+NetworkInfo.swift */; };
		4A6A25CD2AF37A12000CA63F /* AuthenticationAPI.swift in Sources */ = {isa = PBXBuildFile; fileRef = 4A6A25CA2AF37A12000CA63F /* AuthenticationAPI.swift */; };
		4A6A25D32AF39DD9000CA63F /* DefaultAuthenticationUseCase.swift in Sources */ = {isa = PBXBuildFile; fileRef = 4A6A25D22AF39DD9000CA63F /* DefaultAuthenticationUseCase.swift */; };
		4A6A25D52AF39E23000CA63F /* DefaultAuthenticationService.swift in Sources */ = {isa = PBXBuildFile; fileRef = 4A6A25D42AF39E23000CA63F /* DefaultAuthenticationService.swift */; };
		4AA423812B03058C0092EC27 /* SocialUserDataUseCase.swift in Sources */ = {isa = PBXBuildFile; fileRef = 4AA423802B03058C0092EC27 /* SocialUserDataUseCase.swift */; };
		4AA423832B0306480092EC27 /* KakaoAuthService.swift in Sources */ = {isa = PBXBuildFile; fileRef = 4AA423822B0306480092EC27 /* KakaoAuthService.swift */; };
		4AA423862B031A4B0092EC27 /* DomainConvertibleType.swift in Sources */ = {isa = PBXBuildFile; fileRef = 4AA423852B031A4B0092EC27 /* DomainConvertibleType.swift */; };
		4AA423882B031AE50092EC27 /* SocialUserData.swift in Sources */ = {isa = PBXBuildFile; fileRef = 4AA423872B031AE50092EC27 /* SocialUserData.swift */; };
		AD5DAB9C2AEBD22900DC30B9 /* LoginViewController.swift in Sources */ = {isa = PBXBuildFile; fileRef = AD5DAB9B2AEBD22900DC30B9 /* LoginViewController.swift */; };
		AD5DAB9E2AEBD36600DC30B9 /* TitledTextfield.swift in Sources */ = {isa = PBXBuildFile; fileRef = AD5DAB9D2AEBD36600DC30B9 /* TitledTextfield.swift */; };
		AD5DABA02AF2215D00DC30B9 /* WelcomeViewModel.swift in Sources */ = {isa = PBXBuildFile; fileRef = AD5DAB9F2AF2215D00DC30B9 /* WelcomeViewModel.swift */; };
		AD5DABA22AF222B200DC30B9 /* ViewModelType.swift in Sources */ = {isa = PBXBuildFile; fileRef = AD5DABA12AF222B200DC30B9 /* ViewModelType.swift */; };
		AD5DABAC2AF3814100DC30B9 /* NetworkInfo.plist in Resources */ = {isa = PBXBuildFile; fileRef = AD5DABAB2AF3814100DC30B9 /* NetworkInfo.plist */; };
		AD5DABB12AF385D400DC30B9 /* UserData.swift in Sources */ = {isa = PBXBuildFile; fileRef = AD5DABB02AF385D400DC30B9 /* UserData.swift */; };
		AD5DABB42AF39CA500DC30B9 /* AuthenticationUseCase.swift in Sources */ = {isa = PBXBuildFile; fileRef = AD5DABB32AF39CA500DC30B9 /* AuthenticationUseCase.swift */; };
		AD5DABC02AF4CEF000DC30B9 /* AuthenticationUseCaseProvider.swift in Sources */ = {isa = PBXBuildFile; fileRef = AD5DABBF2AF4CEF000DC30B9 /* AuthenticationUseCaseProvider.swift */; };
		AD5DABC22AF4CF3500DC30B9 /* NetworkServiceProvider.swift in Sources */ = {isa = PBXBuildFile; fileRef = AD5DABC12AF4CF3500DC30B9 /* NetworkServiceProvider.swift */; };
		AD5DABC62AF4D4EE00DC30B9 /* DefaultAuthenticationUseCaseProvider.swift in Sources */ = {isa = PBXBuildFile; fileRef = AD5DABC52AF4D4EE00DC30B9 /* DefaultAuthenticationUseCaseProvider.swift */; };
		AD5DAC022B0218A200DC30B9 /* SocialAuthProvider.swift in Sources */ = {isa = PBXBuildFile; fileRef = AD5DAC012B0218A200DC30B9 /* SocialAuthProvider.swift */; };
		AD5DAC052B0218F300DC30B9 /* SocialUserDataRepository.swift in Sources */ = {isa = PBXBuildFile; fileRef = AD5DAC042B0218F300DC30B9 /* SocialUserDataRepository.swift */; };
		AD5DAC072B02197B00DC30B9 /* SocialAuthService.swift in Sources */ = {isa = PBXBuildFile; fileRef = AD5DAC062B02197B00DC30B9 /* SocialAuthService.swift */; };
		AD5DAC092B0219AD00DC30B9 /* DefaultSocialUserDataUseCase.swift in Sources */ = {isa = PBXBuildFile; fileRef = AD5DAC082B0219AD00DC30B9 /* DefaultSocialUserDataUseCase.swift */; };
		AD5DAC0B2B0219DA00DC30B9 /* DefaultSocialUseCaseProvider.swift in Sources */ = {isa = PBXBuildFile; fileRef = AD5DAC0A2B0219DA00DC30B9 /* DefaultSocialUseCaseProvider.swift */; };
		C2B93AD7C0F94311485B3DB7 /* Pods_PartyQuest_iOS.framework in Frameworks */ = {isa = PBXBuildFile; fileRef = D00E6B97D005B12FFE23F840 /* Pods_PartyQuest_iOS.framework */; };
		D34D7571C39361CF89BCFEE3 /* Pods_PartyQuest_Tests.framework in Frameworks */ = {isa = PBXBuildFile; fileRef = 8423293F6AD8043BF95A4403 /* Pods_PartyQuest_Tests.framework */; };
/* End PBXBuildFile section */

/* Begin PBXContainerItemProxy section */
		4A1F248C2AEA90A2005B264F /* PBXContainerItemProxy */ = {
			isa = PBXContainerItemProxy;
			containerPortal = 4A1F24582AEA8628005B264F /* Project object */;
			proxyType = 1;
			remoteGlobalIDString = 4A1F245F2AEA8628005B264F;
			remoteInfo = PartyQuest_iOS;
		};
/* End PBXContainerItemProxy section */

/* Begin PBXFileReference section */
		14039AD9F28E3F9A6990ED3A /* Pods-PartyQuest_iOS.debug.xcconfig */ = {isa = PBXFileReference; includeInIndex = 1; lastKnownFileType = text.xcconfig; name = "Pods-PartyQuest_iOS.debug.xcconfig"; path = "Target Support Files/Pods-PartyQuest_iOS/Pods-PartyQuest_iOS.debug.xcconfig"; sourceTree = "<group>"; };
		4A1F24602AEA8628005B264F /* PartyQuest_iOS.app */ = {isa = PBXFileReference; explicitFileType = wrapper.application; includeInIndex = 0; path = PartyQuest_iOS.app; sourceTree = BUILT_PRODUCTS_DIR; };
		4A1F24632AEA8628005B264F /* AppDelegate.swift */ = {isa = PBXFileReference; lastKnownFileType = sourcecode.swift; path = AppDelegate.swift; sourceTree = "<group>"; };
		4A1F24652AEA8628005B264F /* SceneDelegate.swift */ = {isa = PBXFileReference; lastKnownFileType = sourcecode.swift; path = SceneDelegate.swift; sourceTree = "<group>"; };
		4A1F24672AEA8628005B264F /* WelcomeViewController.swift */ = {isa = PBXFileReference; lastKnownFileType = sourcecode.swift; path = WelcomeViewController.swift; sourceTree = "<group>"; };
		4A1F246C2AEA8629005B264F /* Assets.xcassets */ = {isa = PBXFileReference; lastKnownFileType = folder.assetcatalog; path = Assets.xcassets; sourceTree = "<group>"; };
		4A1F246F2AEA8629005B264F /* Base */ = {isa = PBXFileReference; lastKnownFileType = file.storyboard; name = Base; path = Base.lproj/LaunchScreen.storyboard; sourceTree = "<group>"; };
		4A1F24712AEA8629005B264F /* Info.plist */ = {isa = PBXFileReference; lastKnownFileType = text.plist.xml; path = Info.plist; sourceTree = "<group>"; };
		4A1F24882AEA90A2005B264F /* PartyQuest_Tests.xctest */ = {isa = PBXFileReference; explicitFileType = wrapper.cfbundle; includeInIndex = 0; path = PartyQuest_Tests.xctest; sourceTree = BUILT_PRODUCTS_DIR; };
		4A1F248A2AEA90A2005B264F /* PartyQuest_Tests.swift */ = {isa = PBXFileReference; lastKnownFileType = sourcecode.swift; path = PartyQuest_Tests.swift; sourceTree = "<group>"; };
		4A1F24912AEBE14A005B264F /* Coordinator.swift */ = {isa = PBXFileReference; lastKnownFileType = sourcecode.swift; path = Coordinator.swift; sourceTree = "<group>"; };
		4A1F24932AEBE1CB005B264F /* BaseCoordinator.swift */ = {isa = PBXFileReference; lastKnownFileType = sourcecode.swift; path = BaseCoordinator.swift; sourceTree = "<group>"; };
		4A1F24952AEBE229005B264F /* AppCoordinator.swift */ = {isa = PBXFileReference; lastKnownFileType = sourcecode.swift; path = AppCoordinator.swift; sourceTree = "<group>"; };
		4A1F24972AEBE2A6005B264F /* WelcomeCoordinator.swift */ = {isa = PBXFileReference; lastKnownFileType = sourcecode.swift; path = WelcomeCoordinator.swift; sourceTree = "<group>"; };
		4A6A25AE2AF21D33000CA63F /* LogInCoordinator.swift */ = {isa = PBXFileReference; lastKnownFileType = sourcecode.swift; path = LogInCoordinator.swift; sourceTree = "<group>"; };
		4A6A25B12AF22FC1000CA63F /* SignUpCoordinator.swift */ = {isa = PBXFileReference; lastKnownFileType = sourcecode.swift; path = SignUpCoordinator.swift; sourceTree = "<group>"; };
		4A6A25B32AF2303F000CA63F /* SignUpViewModel.swift */ = {isa = PBXFileReference; lastKnownFileType = sourcecode.swift; path = SignUpViewModel.swift; sourceTree = "<group>"; };
		4A6A25B52AF23096000CA63F /* SignUpViewController.swift */ = {isa = PBXFileReference; lastKnownFileType = sourcecode.swift; path = SignUpViewController.swift; sourceTree = "<group>"; };
		4A6A25B72AF23DD4000CA63F /* String+RegularExpression.swift */ = {isa = PBXFileReference; lastKnownFileType = sourcecode.swift; path = "String+RegularExpression.swift"; sourceTree = "<group>"; };
		4A6A25C92AF37A12000CA63F /* Bundle+NetworkInfo.swift */ = {isa = PBXFileReference; fileEncoding = 4; lastKnownFileType = sourcecode.swift; path = "Bundle+NetworkInfo.swift"; sourceTree = "<group>"; };
		4A6A25CA2AF37A12000CA63F /* AuthenticationAPI.swift */ = {isa = PBXFileReference; fileEncoding = 4; lastKnownFileType = sourcecode.swift; path = AuthenticationAPI.swift; sourceTree = "<group>"; };
		4A6A25D22AF39DD9000CA63F /* DefaultAuthenticationUseCase.swift */ = {isa = PBXFileReference; lastKnownFileType = sourcecode.swift; path = DefaultAuthenticationUseCase.swift; sourceTree = "<group>"; };
		4A6A25D42AF39E23000CA63F /* DefaultAuthenticationService.swift */ = {isa = PBXFileReference; lastKnownFileType = sourcecode.swift; path = DefaultAuthenticationService.swift; sourceTree = "<group>"; };
		4A6D29BD2B0201F7002E19A5 /* Development.xcconfig */ = {isa = PBXFileReference; lastKnownFileType = text.xcconfig; path = Development.xcconfig; sourceTree = "<group>"; };
		4AA423802B03058C0092EC27 /* SocialUserDataUseCase.swift */ = {isa = PBXFileReference; lastKnownFileType = sourcecode.swift; path = SocialUserDataUseCase.swift; sourceTree = "<group>"; };
		4AA423822B0306480092EC27 /* KakaoAuthService.swift */ = {isa = PBXFileReference; lastKnownFileType = sourcecode.swift; path = KakaoAuthService.swift; sourceTree = "<group>"; };
		4AA423852B031A4B0092EC27 /* DomainConvertibleType.swift */ = {isa = PBXFileReference; lastKnownFileType = sourcecode.swift; path = DomainConvertibleType.swift; sourceTree = "<group>"; };
		4AA423872B031AE50092EC27 /* SocialUserData.swift */ = {isa = PBXFileReference; lastKnownFileType = sourcecode.swift; path = SocialUserData.swift; sourceTree = "<group>"; };
		527A54200358CCB2763DFA3F /* Pods-PartyQuest_Tests.debug.xcconfig */ = {isa = PBXFileReference; includeInIndex = 1; lastKnownFileType = text.xcconfig; name = "Pods-PartyQuest_Tests.debug.xcconfig"; path = "Target Support Files/Pods-PartyQuest_Tests/Pods-PartyQuest_Tests.debug.xcconfig"; sourceTree = "<group>"; };
		8423293F6AD8043BF95A4403 /* Pods_PartyQuest_Tests.framework */ = {isa = PBXFileReference; explicitFileType = wrapper.framework; includeInIndex = 0; path = Pods_PartyQuest_Tests.framework; sourceTree = BUILT_PRODUCTS_DIR; };
		AD5DAB9B2AEBD22900DC30B9 /* LoginViewController.swift */ = {isa = PBXFileReference; lastKnownFileType = sourcecode.swift; path = LoginViewController.swift; sourceTree = "<group>"; };
		AD5DAB9D2AEBD36600DC30B9 /* TitledTextfield.swift */ = {isa = PBXFileReference; lastKnownFileType = sourcecode.swift; path = TitledTextfield.swift; sourceTree = "<group>"; };
		AD5DAB9F2AF2215D00DC30B9 /* WelcomeViewModel.swift */ = {isa = PBXFileReference; lastKnownFileType = sourcecode.swift; path = WelcomeViewModel.swift; sourceTree = "<group>"; };
		AD5DABA12AF222B200DC30B9 /* ViewModelType.swift */ = {isa = PBXFileReference; lastKnownFileType = sourcecode.swift; path = ViewModelType.swift; sourceTree = "<group>"; };
		AD5DABAB2AF3814100DC30B9 /* NetworkInfo.plist */ = {isa = PBXFileReference; lastKnownFileType = text.plist.xml; path = NetworkInfo.plist; sourceTree = "<group>"; };
		AD5DABB02AF385D400DC30B9 /* UserData.swift */ = {isa = PBXFileReference; lastKnownFileType = sourcecode.swift; path = UserData.swift; sourceTree = "<group>"; };
		AD5DABB32AF39CA500DC30B9 /* AuthenticationUseCase.swift */ = {isa = PBXFileReference; lastKnownFileType = sourcecode.swift; path = AuthenticationUseCase.swift; sourceTree = "<group>"; };
		AD5DABBF2AF4CEF000DC30B9 /* AuthenticationUseCaseProvider.swift */ = {isa = PBXFileReference; lastKnownFileType = sourcecode.swift; path = AuthenticationUseCaseProvider.swift; sourceTree = "<group>"; };
		AD5DABC12AF4CF3500DC30B9 /* NetworkServiceProvider.swift */ = {isa = PBXFileReference; lastKnownFileType = sourcecode.swift; path = NetworkServiceProvider.swift; sourceTree = "<group>"; };
		AD5DABC52AF4D4EE00DC30B9 /* DefaultAuthenticationUseCaseProvider.swift */ = {isa = PBXFileReference; lastKnownFileType = sourcecode.swift; path = DefaultAuthenticationUseCaseProvider.swift; sourceTree = "<group>"; };
		AD5DAC012B0218A200DC30B9 /* SocialAuthProvider.swift */ = {isa = PBXFileReference; lastKnownFileType = sourcecode.swift; path = SocialAuthProvider.swift; sourceTree = "<group>"; };
		AD5DAC042B0218F300DC30B9 /* SocialUserDataRepository.swift */ = {isa = PBXFileReference; lastKnownFileType = sourcecode.swift; path = SocialUserDataRepository.swift; sourceTree = "<group>"; };
		AD5DAC062B02197B00DC30B9 /* SocialAuthService.swift */ = {isa = PBXFileReference; lastKnownFileType = sourcecode.swift; path = SocialAuthService.swift; sourceTree = "<group>"; };
		AD5DAC082B0219AD00DC30B9 /* DefaultSocialUserDataUseCase.swift */ = {isa = PBXFileReference; lastKnownFileType = sourcecode.swift; path = DefaultSocialUserDataUseCase.swift; sourceTree = "<group>"; };
		AD5DAC0A2B0219DA00DC30B9 /* DefaultSocialUseCaseProvider.swift */ = {isa = PBXFileReference; lastKnownFileType = sourcecode.swift; path = DefaultSocialUseCaseProvider.swift; sourceTree = "<group>"; };
		C69F1ED60EED97E359AF348B /* Pods-PartyQuest_Tests.release.xcconfig */ = {isa = PBXFileReference; includeInIndex = 1; lastKnownFileType = text.xcconfig; name = "Pods-PartyQuest_Tests.release.xcconfig"; path = "Target Support Files/Pods-PartyQuest_Tests/Pods-PartyQuest_Tests.release.xcconfig"; sourceTree = "<group>"; };
		D00E6B97D005B12FFE23F840 /* Pods_PartyQuest_iOS.framework */ = {isa = PBXFileReference; explicitFileType = wrapper.framework; includeInIndex = 0; path = Pods_PartyQuest_iOS.framework; sourceTree = BUILT_PRODUCTS_DIR; };
		D7DDBB315499BE98651B398B /* Pods-PartyQuest_iOS.release.xcconfig */ = {isa = PBXFileReference; includeInIndex = 1; lastKnownFileType = text.xcconfig; name = "Pods-PartyQuest_iOS.release.xcconfig"; path = "Target Support Files/Pods-PartyQuest_iOS/Pods-PartyQuest_iOS.release.xcconfig"; sourceTree = "<group>"; };
/* End PBXFileReference section */

/* Begin PBXFrameworksBuildPhase section */
		4A1F245D2AEA8628005B264F /* Frameworks */ = {
			isa = PBXFrameworksBuildPhase;
			buildActionMask = 2147483647;
			files = (
				C2B93AD7C0F94311485B3DB7 /* Pods_PartyQuest_iOS.framework in Frameworks */,
			);
			runOnlyForDeploymentPostprocessing = 0;
		};
		4A1F24852AEA90A2005B264F /* Frameworks */ = {
			isa = PBXFrameworksBuildPhase;
			buildActionMask = 2147483647;
			files = (
				D34D7571C39361CF89BCFEE3 /* Pods_PartyQuest_Tests.framework in Frameworks */,
			);
			runOnlyForDeploymentPostprocessing = 0;
		};
/* End PBXFrameworksBuildPhase section */

/* Begin PBXGroup section */
		4A1F24572AEA8628005B264F = {
			isa = PBXGroup;
			children = (
				4A1F24622AEA8628005B264F /* PartyQuest_iOS */,
				4A1F24892AEA90A2005B264F /* PartyQuest_Tests */,
				4A1F24612AEA8628005B264F /* Products */,
				EA24F82FE70514D2D97CBEDB /* Pods */,
				9BCB1019C56F897222BD5142 /* Frameworks */,
			);
			sourceTree = "<group>";
		};
		4A1F24612AEA8628005B264F /* Products */ = {
			isa = PBXGroup;
			children = (
				4A1F24602AEA8628005B264F /* PartyQuest_iOS.app */,
				4A1F24882AEA90A2005B264F /* PartyQuest_Tests.xctest */,
			);
			name = Products;
			sourceTree = "<group>";
		};
		4A1F24622AEA8628005B264F /* PartyQuest_iOS */ = {
			isa = PBXGroup;
			children = (
				4A1F24712AEA8629005B264F /* Info.plist */,
				4A6D29BD2B0201F7002E19A5 /* Development.xcconfig */,
				AD5DABAD2AF3836D00DC30B9 /* Domain */,
				AD5DAB912AEA9AE900DC30B9 /* Application */,
				AD5DAB902AEA9ACE00DC30B9 /* Presentation */,
				4A6A25C72AF37A12000CA63F /* Network */,
				AD5DABFD2B0214FF00DC30B9 /* SocialAuthentication */,
				AD5DAB922AEA9B3000DC30B9 /* Resources */,
			);
			path = PartyQuest_iOS;
			sourceTree = "<group>";
		};
		4A1F24892AEA90A2005B264F /* PartyQuest_Tests */ = {
			isa = PBXGroup;
			children = (
				4A1F248A2AEA90A2005B264F /* PartyQuest_Tests.swift */,
			);
			path = PartyQuest_Tests;
			sourceTree = "<group>";
		};
		4A1F24992AEBEC0A005B264F /* Coordinator */ = {
			isa = PBXGroup;
			children = (
				4A1F24912AEBE14A005B264F /* Coordinator.swift */,
				4A1F24932AEBE1CB005B264F /* BaseCoordinator.swift */,
			);
			path = Coordinator;
			sourceTree = "<group>";
		};
		4A6A25C72AF37A12000CA63F /* Network */ = {
			isa = PBXGroup;
			children = (
				4A6A25C92AF37A12000CA63F /* Bundle+NetworkInfo.swift */,
				AD5DABC12AF4CF3500DC30B9 /* NetworkServiceProvider.swift */,
				AD5DABBE2AF4B91900DC30B9 /* UseCase */,
				4A6A25D62AF39E50000CA63F /* Authentication */,
				AD5DABAB2AF3814100DC30B9 /* NetworkInfo.plist */,
			);
			path = Network;
			sourceTree = "<group>";
		};
		4A6A25D62AF39E50000CA63F /* Authentication */ = {
			isa = PBXGroup;
			children = (
				4A6A25CA2AF37A12000CA63F /* AuthenticationAPI.swift */,
				4A6A25D42AF39E23000CA63F /* DefaultAuthenticationService.swift */,
			);
			path = Authentication;
			sourceTree = "<group>";
		};
		4AA423842B031A370092EC27 /* Entity */ = {
			isa = PBXGroup;
			children = (
				4AA423852B031A4B0092EC27 /* DomainConvertibleType.swift */,
			);
			path = Entity;
			sourceTree = "<group>";
		};
		9BCB1019C56F897222BD5142 /* Frameworks */ = {
			isa = PBXGroup;
			children = (
				8423293F6AD8043BF95A4403 /* Pods_PartyQuest_Tests.framework */,
				D00E6B97D005B12FFE23F840 /* Pods_PartyQuest_iOS.framework */,
			);
			name = Frameworks;
			sourceTree = "<group>";
		};
		AD5DAB902AEA9ACE00DC30B9 /* Presentation */ = {
			isa = PBXGroup;
			children = (
				AD5DAB942AEA9BCF00DC30B9 /* Scenes */,
				AD5DAB952AEA9BD600DC30B9 /* Common */,
			);
			path = Presentation;
			sourceTree = "<group>";
		};
		AD5DAB912AEA9AE900DC30B9 /* Application */ = {
			isa = PBXGroup;
			children = (
				4A1F24632AEA8628005B264F /* AppDelegate.swift */,
				4A1F24652AEA8628005B264F /* SceneDelegate.swift */,
				4A1F24952AEBE229005B264F /* AppCoordinator.swift */,
			);
			path = Application;
			sourceTree = "<group>";
		};
		AD5DAB922AEA9B3000DC30B9 /* Resources */ = {
			isa = PBXGroup;
			children = (
				4A1F246C2AEA8629005B264F /* Assets.xcassets */,
				4A1F246E2AEA8629005B264F /* LaunchScreen.storyboard */,
			);
			path = Resources;
			sourceTree = "<group>";
		};
		AD5DAB932AEA9B7400DC30B9 /* WelcomeView */ = {
			isa = PBXGroup;
			children = (
				4A1F24972AEBE2A6005B264F /* WelcomeCoordinator.swift */,
				4A1F24672AEA8628005B264F /* WelcomeViewController.swift */,
				AD5DAB9F2AF2215D00DC30B9 /* WelcomeViewModel.swift */,
			);
			path = WelcomeView;
			sourceTree = "<group>";
		};
		AD5DAB942AEA9BCF00DC30B9 /* Scenes */ = {
			isa = PBXGroup;
			children = (
				AD5DABA52AF22D8900DC30B9 /* SignUpView */,
				AD5DAB932AEA9B7400DC30B9 /* WelcomeView */,
				AD5DAB9A2AEBD1F400DC30B9 /* LoginView */,
			);
			path = Scenes;
			sourceTree = "<group>";
		};
		AD5DAB952AEA9BD600DC30B9 /* Common */ = {
			isa = PBXGroup;
			children = (
				AD5DABA12AF222B200DC30B9 /* ViewModelType.swift */,
				AD5DABA32AF22A7100DC30B9 /* View */,
				4A1F24992AEBEC0A005B264F /* Coordinator */,
				4A6A25B72AF23DD4000CA63F /* String+RegularExpression.swift */,
			);
			path = Common;
			sourceTree = "<group>";
		};
		AD5DAB9A2AEBD1F400DC30B9 /* LoginView */ = {
			isa = PBXGroup;
			children = (
				AD5DAB9B2AEBD22900DC30B9 /* LoginViewController.swift */,
				4A6A25AE2AF21D33000CA63F /* LogInCoordinator.swift */,
			);
			path = LoginView;
			sourceTree = "<group>";
		};
		AD5DABA32AF22A7100DC30B9 /* View */ = {
			isa = PBXGroup;
			children = (
				AD5DAB9D2AEBD36600DC30B9 /* TitledTextfield.swift */,
			);
			path = View;
			sourceTree = "<group>";
		};
		AD5DABA52AF22D8900DC30B9 /* SignUpView */ = {
			isa = PBXGroup;
			children = (
				4A6A25B52AF23096000CA63F /* SignUpViewController.swift */,
				4A6A25B32AF2303F000CA63F /* SignUpViewModel.swift */,
				4A6A25B12AF22FC1000CA63F /* SignUpCoordinator.swift */,
			);
			path = SignUpView;
			sourceTree = "<group>";
		};
		AD5DABAD2AF3836D00DC30B9 /* Domain */ = {
			isa = PBXGroup;
			children = (
				AD5DABAF2AF383BB00DC30B9 /* Authentification */,
			);
			path = Domain;
			sourceTree = "<group>";
		};
		AD5DABAE2AF3837300DC30B9 /* DTO */ = {
			isa = PBXGroup;
			children = (
				AD5DABB02AF385D400DC30B9 /* UserData.swift */,
				4AA423872B031AE50092EC27 /* SocialUserData.swift */,
			);
			path = DTO;
			sourceTree = "<group>";
		};
		AD5DABAF2AF383BB00DC30B9 /* Authentification */ = {
			isa = PBXGroup;
			children = (
				AD5DABB22AF39C8A00DC30B9 /* UseCase */,
				AD5DABAE2AF3837300DC30B9 /* DTO */,
			);
			path = Authentification;
			sourceTree = "<group>";
		};
		AD5DABB22AF39C8A00DC30B9 /* UseCase */ = {
			isa = PBXGroup;
			children = (
				AD5DABB32AF39CA500DC30B9 /* AuthenticationUseCase.swift */,
				AD5DABBF2AF4CEF000DC30B9 /* AuthenticationUseCaseProvider.swift */,
				4AA423802B03058C0092EC27 /* SocialUserDataUseCase.swift */,
			);
			path = UseCase;
			sourceTree = "<group>";
		};
		AD5DABBE2AF4B91900DC30B9 /* UseCase */ = {
			isa = PBXGroup;
			children = (
				4A6A25D22AF39DD9000CA63F /* DefaultAuthenticationUseCase.swift */,
				AD5DABC52AF4D4EE00DC30B9 /* DefaultAuthenticationUseCaseProvider.swift */,
			);
			path = UseCase;
			sourceTree = "<group>";
		};
		AD5DABFD2B0214FF00DC30B9 /* SocialAuthentication */ = {
			isa = PBXGroup;
			children = (
				4AA423842B031A370092EC27 /* Entity */,
				AD5DAC002B02181D00DC30B9 /* Service */,
				AD5DAC032B0218B300DC30B9 /* Repository */,
				AD5DABFE2B02180A00DC30B9 /* UseCase */,
			);
			path = SocialAuthentication;
			sourceTree = "<group>";
		};
		AD5DABFE2B02180A00DC30B9 /* UseCase */ = {
			isa = PBXGroup;
			children = (
				AD5DAC082B0219AD00DC30B9 /* DefaultSocialUserDataUseCase.swift */,
				AD5DAC0A2B0219DA00DC30B9 /* DefaultSocialUseCaseProvider.swift */,
			);
			path = UseCase;
			sourceTree = "<group>";
		};
		AD5DAC002B02181D00DC30B9 /* Service */ = {
			isa = PBXGroup;
			children = (
				AD5DAC012B0218A200DC30B9 /* SocialAuthProvider.swift */,
				AD5DAC062B02197B00DC30B9 /* SocialAuthService.swift */,
				4AA423822B0306480092EC27 /* KakaoAuthService.swift */,
			);
			path = Service;
			sourceTree = "<group>";
		};
		AD5DAC032B0218B300DC30B9 /* Repository */ = {
			isa = PBXGroup;
			children = (
				AD5DAC042B0218F300DC30B9 /* SocialUserDataRepository.swift */,
			);
			path = Repository;
			sourceTree = "<group>";
		};
		EA24F82FE70514D2D97CBEDB /* Pods */ = {
			isa = PBXGroup;
			children = (
				14039AD9F28E3F9A6990ED3A /* Pods-PartyQuest_iOS.debug.xcconfig */,
				D7DDBB315499BE98651B398B /* Pods-PartyQuest_iOS.release.xcconfig */,
				527A54200358CCB2763DFA3F /* Pods-PartyQuest_Tests.debug.xcconfig */,
				C69F1ED60EED97E359AF348B /* Pods-PartyQuest_Tests.release.xcconfig */,
			);
			path = Pods;
			sourceTree = "<group>";
		};
/* End PBXGroup section */

/* Begin PBXNativeTarget section */
		4A1F245F2AEA8628005B264F /* PartyQuest_iOS */ = {
			isa = PBXNativeTarget;
			buildConfigurationList = 4A1F24742AEA8629005B264F /* Build configuration list for PBXNativeTarget "PartyQuest_iOS" */;
			buildPhases = (
				0B0CBF133EF042501FCDBE5C /* [CP] Check Pods Manifest.lock */,
				4A1F245C2AEA8628005B264F /* Sources */,
				4A1F245D2AEA8628005B264F /* Frameworks */,
				4A1F245E2AEA8628005B264F /* Resources */,
				29544447203480E2893D5A9C /* [CP] Embed Pods Frameworks */,
			);
			buildRules = (
			);
			dependencies = (
			);
			name = PartyQuest_iOS;
			productName = PartyQuest_iOS;
			productReference = 4A1F24602AEA8628005B264F /* PartyQuest_iOS.app */;
			productType = "com.apple.product-type.application";
		};
		4A1F24872AEA90A2005B264F /* PartyQuest_Tests */ = {
			isa = PBXNativeTarget;
			buildConfigurationList = 4A1F248E2AEA90A2005B264F /* Build configuration list for PBXNativeTarget "PartyQuest_Tests" */;
			buildPhases = (
				9700127477813CDC659CB3BE /* [CP] Check Pods Manifest.lock */,
				4A1F24842AEA90A2005B264F /* Sources */,
				4A1F24852AEA90A2005B264F /* Frameworks */,
				4A1F24862AEA90A2005B264F /* Resources */,
				1A68B61D4DDDB1F94DF3D8BD /* [CP] Embed Pods Frameworks */,
			);
			buildRules = (
			);
			dependencies = (
				4A1F248D2AEA90A2005B264F /* PBXTargetDependency */,
			);
			name = PartyQuest_Tests;
			productName = PartyQuest_Tests;
			productReference = 4A1F24882AEA90A2005B264F /* PartyQuest_Tests.xctest */;
			productType = "com.apple.product-type.bundle.unit-test";
		};
/* End PBXNativeTarget section */

/* Begin PBXProject section */
		4A1F24582AEA8628005B264F /* Project object */ = {
			isa = PBXProject;
			attributes = {
				BuildIndependentTargetsInParallel = 1;
				LastSwiftUpdateCheck = 1420;
				LastUpgradeCheck = 1420;
				TargetAttributes = {
					4A1F245F2AEA8628005B264F = {
						CreatedOnToolsVersion = 14.2;
					};
					4A1F24872AEA90A2005B264F = {
						CreatedOnToolsVersion = 14.2;
						TestTargetID = 4A1F245F2AEA8628005B264F;
					};
				};
			};
			buildConfigurationList = 4A1F245B2AEA8628005B264F /* Build configuration list for PBXProject "PartyQuest_iOS" */;
			compatibilityVersion = "Xcode 14.0";
			developmentRegion = en;
			hasScannedForEncodings = 0;
			knownRegions = (
				en,
				Base,
			);
			mainGroup = 4A1F24572AEA8628005B264F;
			productRefGroup = 4A1F24612AEA8628005B264F /* Products */;
			projectDirPath = "";
			projectRoot = "";
			targets = (
				4A1F245F2AEA8628005B264F /* PartyQuest_iOS */,
				4A1F24872AEA90A2005B264F /* PartyQuest_Tests */,
			);
		};
/* End PBXProject section */

/* Begin PBXResourcesBuildPhase section */
		4A1F245E2AEA8628005B264F /* Resources */ = {
			isa = PBXResourcesBuildPhase;
			buildActionMask = 2147483647;
			files = (
				4A1F24702AEA8629005B264F /* LaunchScreen.storyboard in Resources */,
				AD5DABAC2AF3814100DC30B9 /* NetworkInfo.plist in Resources */,
				4A1F246D2AEA8629005B264F /* Assets.xcassets in Resources */,
			);
			runOnlyForDeploymentPostprocessing = 0;
		};
		4A1F24862AEA90A2005B264F /* Resources */ = {
			isa = PBXResourcesBuildPhase;
			buildActionMask = 2147483647;
			files = (
			);
			runOnlyForDeploymentPostprocessing = 0;
		};
/* End PBXResourcesBuildPhase section */

/* Begin PBXShellScriptBuildPhase section */
		0B0CBF133EF042501FCDBE5C /* [CP] Check Pods Manifest.lock */ = {
			isa = PBXShellScriptBuildPhase;
			buildActionMask = 2147483647;
			files = (
			);
			inputFileListPaths = (
			);
			inputPaths = (
				"${PODS_PODFILE_DIR_PATH}/Podfile.lock",
				"${PODS_ROOT}/Manifest.lock",
			);
			name = "[CP] Check Pods Manifest.lock";
			outputFileListPaths = (
			);
			outputPaths = (
				"$(DERIVED_FILE_DIR)/Pods-PartyQuest_iOS-checkManifestLockResult.txt",
			);
			runOnlyForDeploymentPostprocessing = 0;
			shellPath = /bin/sh;
			shellScript = "diff \"${PODS_PODFILE_DIR_PATH}/Podfile.lock\" \"${PODS_ROOT}/Manifest.lock\" > /dev/null\nif [ $? != 0 ] ; then\n    # print error to STDERR\n    echo \"error: The sandbox is not in sync with the Podfile.lock. Run 'pod install' or update your CocoaPods installation.\" >&2\n    exit 1\nfi\n# This output is used by Xcode 'outputs' to avoid re-running this script phase.\necho \"SUCCESS\" > \"${SCRIPT_OUTPUT_FILE_0}\"\n";
			showEnvVarsInLog = 0;
		};
		1A68B61D4DDDB1F94DF3D8BD /* [CP] Embed Pods Frameworks */ = {
			isa = PBXShellScriptBuildPhase;
			buildActionMask = 2147483647;
			files = (
			);
			inputFileListPaths = (
				"${PODS_ROOT}/Target Support Files/Pods-PartyQuest_Tests/Pods-PartyQuest_Tests-frameworks-${CONFIGURATION}-input-files.xcfilelist",
			);
			name = "[CP] Embed Pods Frameworks";
			outputFileListPaths = (
				"${PODS_ROOT}/Target Support Files/Pods-PartyQuest_Tests/Pods-PartyQuest_Tests-frameworks-${CONFIGURATION}-output-files.xcfilelist",
			);
			runOnlyForDeploymentPostprocessing = 0;
			shellPath = /bin/sh;
			shellScript = "\"${PODS_ROOT}/Target Support Files/Pods-PartyQuest_Tests/Pods-PartyQuest_Tests-frameworks.sh\"\n";
			showEnvVarsInLog = 0;
		};
		29544447203480E2893D5A9C /* [CP] Embed Pods Frameworks */ = {
			isa = PBXShellScriptBuildPhase;
			buildActionMask = 2147483647;
			files = (
			);
			inputFileListPaths = (
				"${PODS_ROOT}/Target Support Files/Pods-PartyQuest_iOS/Pods-PartyQuest_iOS-frameworks-${CONFIGURATION}-input-files.xcfilelist",
			);
			name = "[CP] Embed Pods Frameworks";
			outputFileListPaths = (
				"${PODS_ROOT}/Target Support Files/Pods-PartyQuest_iOS/Pods-PartyQuest_iOS-frameworks-${CONFIGURATION}-output-files.xcfilelist",
			);
			runOnlyForDeploymentPostprocessing = 0;
			shellPath = /bin/sh;
			shellScript = "\"${PODS_ROOT}/Target Support Files/Pods-PartyQuest_iOS/Pods-PartyQuest_iOS-frameworks.sh\"\n";
			showEnvVarsInLog = 0;
		};
		9700127477813CDC659CB3BE /* [CP] Check Pods Manifest.lock */ = {
			isa = PBXShellScriptBuildPhase;
			buildActionMask = 2147483647;
			files = (
			);
			inputFileListPaths = (
			);
			inputPaths = (
				"${PODS_PODFILE_DIR_PATH}/Podfile.lock",
				"${PODS_ROOT}/Manifest.lock",
			);
			name = "[CP] Check Pods Manifest.lock";
			outputFileListPaths = (
			);
			outputPaths = (
				"$(DERIVED_FILE_DIR)/Pods-PartyQuest_Tests-checkManifestLockResult.txt",
			);
			runOnlyForDeploymentPostprocessing = 0;
			shellPath = /bin/sh;
			shellScript = "diff \"${PODS_PODFILE_DIR_PATH}/Podfile.lock\" \"${PODS_ROOT}/Manifest.lock\" > /dev/null\nif [ $? != 0 ] ; then\n    # print error to STDERR\n    echo \"error: The sandbox is not in sync with the Podfile.lock. Run 'pod install' or update your CocoaPods installation.\" >&2\n    exit 1\nfi\n# This output is used by Xcode 'outputs' to avoid re-running this script phase.\necho \"SUCCESS\" > \"${SCRIPT_OUTPUT_FILE_0}\"\n";
			showEnvVarsInLog = 0;
		};
/* End PBXShellScriptBuildPhase section */

/* Begin PBXSourcesBuildPhase section */
		4A1F245C2AEA8628005B264F /* Sources */ = {
			isa = PBXSourcesBuildPhase;
			buildActionMask = 2147483647;
			files = (
				4A6A25CC2AF37A12000CA63F /* Bundle+NetworkInfo.swift in Sources */,
				4A1F24682AEA8628005B264F /* WelcomeViewController.swift in Sources */,
				AD5DAC022B0218A200DC30B9 /* SocialAuthProvider.swift in Sources */,
				AD5DABA02AF2215D00DC30B9 /* WelcomeViewModel.swift in Sources */,
				AD5DABC02AF4CEF000DC30B9 /* AuthenticationUseCaseProvider.swift in Sources */,
				4A6A25B82AF23DD4000CA63F /* String+RegularExpression.swift in Sources */,
				AD5DABC22AF4CF3500DC30B9 /* NetworkServiceProvider.swift in Sources */,
				AD5DABB42AF39CA500DC30B9 /* AuthenticationUseCase.swift in Sources */,
				4AA423812B03058C0092EC27 /* SocialUserDataUseCase.swift in Sources */,
				4AA423862B031A4B0092EC27 /* DomainConvertibleType.swift in Sources */,
				AD5DABC62AF4D4EE00DC30B9 /* DefaultAuthenticationUseCaseProvider.swift in Sources */,
				4A1F24682AEA8628005B264F /* WelcomeViewController.swift in Sources */,
				4A1F24982AEBE2A6005B264F /* WelcomeCoordinator.swift in Sources */,
				AD5DAB9C2AEBD22900DC30B9 /* LoginViewController.swift in Sources */,
				4A1F24642AEA8628005B264F /* AppDelegate.swift in Sources */,
				AD5DAC0B2B0219DA00DC30B9 /* DefaultSocialUseCaseProvider.swift in Sources */,
				4A6A25D32AF39DD9000CA63F /* DefaultAuthenticationUseCase.swift in Sources */,
				AD5DAB9E2AEBD36600DC30B9 /* TitledTextfield.swift in Sources */,
				4A6A25B42AF2303F000CA63F /* SignUpViewModel.swift in Sources */,
				4A6A25CD2AF37A12000CA63F /* AuthenticationAPI.swift in Sources */,
				AD5DAC072B02197B00DC30B9 /* SocialAuthService.swift in Sources */,
				AD5DAC092B0219AD00DC30B9 /* DefaultSocialUserDataUseCase.swift in Sources */,
				4A6A25D52AF39E23000CA63F /* DefaultAuthenticationService.swift in Sources */,
				4A6A25AF2AF21D33000CA63F /* LogInCoordinator.swift in Sources */,
				4A6A25B22AF22FC1000CA63F /* SignUpCoordinator.swift in Sources */,
				4A6A25B62AF23096000CA63F /* SignUpViewController.swift in Sources */,
				4A1F24662AEA8628005B264F /* SceneDelegate.swift in Sources */,
				4A1F24962AEBE229005B264F /* AppCoordinator.swift in Sources */,
				4AA423882B031AE50092EC27 /* SocialUserData.swift in Sources */,
				AD5DAC052B0218F300DC30B9 /* SocialUserDataRepository.swift in Sources */,
				4A1F24922AEBE14A005B264F /* Coordinator.swift in Sources */,
				4A1F24942AEBE1CB005B264F /* BaseCoordinator.swift in Sources */,
				AD5DABB12AF385D400DC30B9 /* UserData.swift in Sources */,
				AD5DABA22AF222B200DC30B9 /* ViewModelType.swift in Sources */,
				4AA423832B0306480092EC27 /* KakaoAuthService.swift in Sources */,
			);
			runOnlyForDeploymentPostprocessing = 0;
		};
		4A1F24842AEA90A2005B264F /* Sources */ = {
			isa = PBXSourcesBuildPhase;
			buildActionMask = 2147483647;
			files = (
				4A1F248B2AEA90A2005B264F /* PartyQuest_Tests.swift in Sources */,
			);
			runOnlyForDeploymentPostprocessing = 0;
		};
/* End PBXSourcesBuildPhase section */

/* Begin PBXTargetDependency section */
		4A1F248D2AEA90A2005B264F /* PBXTargetDependency */ = {
			isa = PBXTargetDependency;
			target = 4A1F245F2AEA8628005B264F /* PartyQuest_iOS */;
			targetProxy = 4A1F248C2AEA90A2005B264F /* PBXContainerItemProxy */;
		};
/* End PBXTargetDependency section */

/* Begin PBXVariantGroup section */
		4A1F246E2AEA8629005B264F /* LaunchScreen.storyboard */ = {
			isa = PBXVariantGroup;
			children = (
				4A1F246F2AEA8629005B264F /* Base */,
			);
			name = LaunchScreen.storyboard;
			sourceTree = "<group>";
		};
/* End PBXVariantGroup section */

/* Begin XCBuildConfiguration section */
		4A1F24722AEA8629005B264F /* Debug */ = {
			isa = XCBuildConfiguration;
			buildSettings = {
				ALWAYS_SEARCH_USER_PATHS = NO;
				CLANG_ANALYZER_NONNULL = YES;
				CLANG_ANALYZER_NUMBER_OBJECT_CONVERSION = YES_AGGRESSIVE;
				CLANG_CXX_LANGUAGE_STANDARD = "gnu++20";
				CLANG_ENABLE_MODULES = YES;
				CLANG_ENABLE_OBJC_ARC = YES;
				CLANG_ENABLE_OBJC_WEAK = YES;
				CLANG_WARN_BLOCK_CAPTURE_AUTORELEASING = YES;
				CLANG_WARN_BOOL_CONVERSION = YES;
				CLANG_WARN_COMMA = YES;
				CLANG_WARN_CONSTANT_CONVERSION = YES;
				CLANG_WARN_DEPRECATED_OBJC_IMPLEMENTATIONS = YES;
				CLANG_WARN_DIRECT_OBJC_ISA_USAGE = YES_ERROR;
				CLANG_WARN_DOCUMENTATION_COMMENTS = YES;
				CLANG_WARN_EMPTY_BODY = YES;
				CLANG_WARN_ENUM_CONVERSION = YES;
				CLANG_WARN_INFINITE_RECURSION = YES;
				CLANG_WARN_INT_CONVERSION = YES;
				CLANG_WARN_NON_LITERAL_NULL_CONVERSION = YES;
				CLANG_WARN_OBJC_IMPLICIT_RETAIN_SELF = YES;
				CLANG_WARN_OBJC_LITERAL_CONVERSION = YES;
				CLANG_WARN_OBJC_ROOT_CLASS = YES_ERROR;
				CLANG_WARN_QUOTED_INCLUDE_IN_FRAMEWORK_HEADER = YES;
				CLANG_WARN_RANGE_LOOP_ANALYSIS = YES;
				CLANG_WARN_STRICT_PROTOTYPES = YES;
				CLANG_WARN_SUSPICIOUS_MOVE = YES;
				CLANG_WARN_UNGUARDED_AVAILABILITY = YES_AGGRESSIVE;
				CLANG_WARN_UNREACHABLE_CODE = YES;
				CLANG_WARN__DUPLICATE_METHOD_MATCH = YES;
				COPY_PHASE_STRIP = NO;
				DEBUG_INFORMATION_FORMAT = dwarf;
				ENABLE_STRICT_OBJC_MSGSEND = YES;
				ENABLE_TESTABILITY = YES;
				GCC_C_LANGUAGE_STANDARD = gnu11;
				GCC_DYNAMIC_NO_PIC = NO;
				GCC_NO_COMMON_BLOCKS = YES;
				GCC_OPTIMIZATION_LEVEL = 0;
				GCC_PREPROCESSOR_DEFINITIONS = (
					"DEBUG=1",
					"$(inherited)",
				);
				GCC_WARN_64_TO_32_BIT_CONVERSION = YES;
				GCC_WARN_ABOUT_RETURN_TYPE = YES_ERROR;
				GCC_WARN_UNDECLARED_SELECTOR = YES;
				GCC_WARN_UNINITIALIZED_AUTOS = YES_AGGRESSIVE;
				GCC_WARN_UNUSED_FUNCTION = YES;
				GCC_WARN_UNUSED_VARIABLE = YES;
				IPHONEOS_DEPLOYMENT_TARGET = 16.2;
				MTL_ENABLE_DEBUG_INFO = INCLUDE_SOURCE;
				MTL_FAST_MATH = YES;
				ONLY_ACTIVE_ARCH = YES;
				SDKROOT = iphoneos;
				SWIFT_ACTIVE_COMPILATION_CONDITIONS = DEBUG;
				SWIFT_OPTIMIZATION_LEVEL = "-Onone";
			};
			name = Debug;
		};
		4A1F24732AEA8629005B264F /* Release */ = {
			isa = XCBuildConfiguration;
			buildSettings = {
				ALWAYS_SEARCH_USER_PATHS = NO;
				CLANG_ANALYZER_NONNULL = YES;
				CLANG_ANALYZER_NUMBER_OBJECT_CONVERSION = YES_AGGRESSIVE;
				CLANG_CXX_LANGUAGE_STANDARD = "gnu++20";
				CLANG_ENABLE_MODULES = YES;
				CLANG_ENABLE_OBJC_ARC = YES;
				CLANG_ENABLE_OBJC_WEAK = YES;
				CLANG_WARN_BLOCK_CAPTURE_AUTORELEASING = YES;
				CLANG_WARN_BOOL_CONVERSION = YES;
				CLANG_WARN_COMMA = YES;
				CLANG_WARN_CONSTANT_CONVERSION = YES;
				CLANG_WARN_DEPRECATED_OBJC_IMPLEMENTATIONS = YES;
				CLANG_WARN_DIRECT_OBJC_ISA_USAGE = YES_ERROR;
				CLANG_WARN_DOCUMENTATION_COMMENTS = YES;
				CLANG_WARN_EMPTY_BODY = YES;
				CLANG_WARN_ENUM_CONVERSION = YES;
				CLANG_WARN_INFINITE_RECURSION = YES;
				CLANG_WARN_INT_CONVERSION = YES;
				CLANG_WARN_NON_LITERAL_NULL_CONVERSION = YES;
				CLANG_WARN_OBJC_IMPLICIT_RETAIN_SELF = YES;
				CLANG_WARN_OBJC_LITERAL_CONVERSION = YES;
				CLANG_WARN_OBJC_ROOT_CLASS = YES_ERROR;
				CLANG_WARN_QUOTED_INCLUDE_IN_FRAMEWORK_HEADER = YES;
				CLANG_WARN_RANGE_LOOP_ANALYSIS = YES;
				CLANG_WARN_STRICT_PROTOTYPES = YES;
				CLANG_WARN_SUSPICIOUS_MOVE = YES;
				CLANG_WARN_UNGUARDED_AVAILABILITY = YES_AGGRESSIVE;
				CLANG_WARN_UNREACHABLE_CODE = YES;
				CLANG_WARN__DUPLICATE_METHOD_MATCH = YES;
				COPY_PHASE_STRIP = NO;
				DEBUG_INFORMATION_FORMAT = "dwarf-with-dsym";
				ENABLE_NS_ASSERTIONS = NO;
				ENABLE_STRICT_OBJC_MSGSEND = YES;
				GCC_C_LANGUAGE_STANDARD = gnu11;
				GCC_NO_COMMON_BLOCKS = YES;
				GCC_WARN_64_TO_32_BIT_CONVERSION = YES;
				GCC_WARN_ABOUT_RETURN_TYPE = YES_ERROR;
				GCC_WARN_UNDECLARED_SELECTOR = YES;
				GCC_WARN_UNINITIALIZED_AUTOS = YES_AGGRESSIVE;
				GCC_WARN_UNUSED_FUNCTION = YES;
				GCC_WARN_UNUSED_VARIABLE = YES;
				IPHONEOS_DEPLOYMENT_TARGET = 16.2;
				MTL_ENABLE_DEBUG_INFO = NO;
				MTL_FAST_MATH = YES;
				SDKROOT = iphoneos;
				SWIFT_COMPILATION_MODE = wholemodule;
				SWIFT_OPTIMIZATION_LEVEL = "-O";
				VALIDATE_PRODUCT = YES;
			};
			name = Release;
		};
		4A1F24752AEA8629005B264F /* Debug */ = {
			isa = XCBuildConfiguration;
			baseConfigurationReference = 14039AD9F28E3F9A6990ED3A /* Pods-PartyQuest_iOS.debug.xcconfig */;
			buildSettings = {
				ASSETCATALOG_COMPILER_APPICON_NAME = AppIcon;
				ASSETCATALOG_COMPILER_GLOBAL_ACCENT_COLOR_NAME = AccentColor;
				CODE_SIGN_STYLE = Automatic;
				CURRENT_PROJECT_VERSION = 1;
				DEVELOPMENT_TEAM = VS6NMW5G3Y;
				GENERATE_INFOPLIST_FILE = YES;
				INFOPLIST_FILE = PartyQuest_iOS/Info.plist;
				INFOPLIST_KEY_UIApplicationSupportsIndirectInputEvents = YES;
				INFOPLIST_KEY_UILaunchStoryboardName = LaunchScreen;
				INFOPLIST_KEY_UIMainStoryboardFile = "";
				INFOPLIST_KEY_UISupportedInterfaceOrientations_iPad = "UIInterfaceOrientationPortrait UIInterfaceOrientationPortraitUpsideDown UIInterfaceOrientationLandscapeLeft UIInterfaceOrientationLandscapeRight";
				INFOPLIST_KEY_UISupportedInterfaceOrientations_iPhone = "UIInterfaceOrientationPortrait UIInterfaceOrientationLandscapeLeft UIInterfaceOrientationLandscapeRight";
				IPHONEOS_DEPLOYMENT_TARGET = 14.0;
				LD_RUNPATH_SEARCH_PATHS = (
					"$(inherited)",
					"@executable_path/Frameworks",
				);
				MARKETING_VERSION = 1.0;
				PRODUCT_BUNDLE_IDENTIFIER = "com.partyQuest.Harry.PartyQuest-iOS";
				PRODUCT_NAME = "$(TARGET_NAME)";
				SUPPORTED_PLATFORMS = "iphoneos iphonesimulator";
				SUPPORTS_MACCATALYST = NO;
				SUPPORTS_MAC_DESIGNED_FOR_IPHONE_IPAD = NO;
				SWIFT_EMIT_LOC_STRINGS = YES;
				SWIFT_VERSION = 5.0;
				TARGETED_DEVICE_FAMILY = 1;
			};
			name = Debug;
		};
		4A1F24762AEA8629005B264F /* Release */ = {
			isa = XCBuildConfiguration;
			baseConfigurationReference = D7DDBB315499BE98651B398B /* Pods-PartyQuest_iOS.release.xcconfig */;
			buildSettings = {
				ASSETCATALOG_COMPILER_APPICON_NAME = AppIcon;
				ASSETCATALOG_COMPILER_GLOBAL_ACCENT_COLOR_NAME = AccentColor;
				CODE_SIGN_STYLE = Automatic;
				CURRENT_PROJECT_VERSION = 1;
				DEVELOPMENT_TEAM = VS6NMW5G3Y;
				GENERATE_INFOPLIST_FILE = YES;
				INFOPLIST_FILE = PartyQuest_iOS/Info.plist;
				INFOPLIST_KEY_UIApplicationSupportsIndirectInputEvents = YES;
				INFOPLIST_KEY_UILaunchStoryboardName = LaunchScreen;
				INFOPLIST_KEY_UIMainStoryboardFile = "";
				INFOPLIST_KEY_UISupportedInterfaceOrientations_iPad = "UIInterfaceOrientationPortrait UIInterfaceOrientationPortraitUpsideDown UIInterfaceOrientationLandscapeLeft UIInterfaceOrientationLandscapeRight";
				INFOPLIST_KEY_UISupportedInterfaceOrientations_iPhone = "UIInterfaceOrientationPortrait UIInterfaceOrientationLandscapeLeft UIInterfaceOrientationLandscapeRight";
				IPHONEOS_DEPLOYMENT_TARGET = 14.0;
				LD_RUNPATH_SEARCH_PATHS = (
					"$(inherited)",
					"@executable_path/Frameworks",
				);
				MARKETING_VERSION = 1.0;
				PRODUCT_BUNDLE_IDENTIFIER = "com.partyQuest.Harry.PartyQuest-iOS";
				PRODUCT_NAME = "$(TARGET_NAME)";
				SUPPORTED_PLATFORMS = "iphoneos iphonesimulator";
				SUPPORTS_MACCATALYST = NO;
				SUPPORTS_MAC_DESIGNED_FOR_IPHONE_IPAD = NO;
				SWIFT_ACTIVE_COMPILATION_CONDITIONS = Release;
				SWIFT_EMIT_LOC_STRINGS = YES;
				SWIFT_VERSION = 5.0;
				TARGETED_DEVICE_FAMILY = 1;
			};
			name = Release;
		};
		4A1F248F2AEA90A2005B264F /* Debug */ = {
			isa = XCBuildConfiguration;
			baseConfigurationReference = 527A54200358CCB2763DFA3F /* Pods-PartyQuest_Tests.debug.xcconfig */;
			buildSettings = {
				BUNDLE_LOADER = "$(TEST_HOST)";
				CODE_SIGN_STYLE = Automatic;
				CURRENT_PROJECT_VERSION = 1;
				DEVELOPMENT_TEAM = VS6NMW5G3Y;
				GENERATE_INFOPLIST_FILE = YES;
				IPHONEOS_DEPLOYMENT_TARGET = 16.2;
				MACOSX_DEPLOYMENT_TARGET = 13.1;
				MARKETING_VERSION = 1.0;
				PRODUCT_BUNDLE_IDENTIFIER = "com.partyQuest.Harry.PartyQuest-Tests";
				PRODUCT_NAME = "$(TARGET_NAME)";
				SDKROOT = auto;
				SUPPORTED_PLATFORMS = "iphoneos iphonesimulator macosx";
				SWIFT_EMIT_LOC_STRINGS = NO;
				SWIFT_VERSION = 5.0;
				TARGETED_DEVICE_FAMILY = "1,2";
				TEST_HOST = "$(BUILT_PRODUCTS_DIR)/PartyQuest_iOS.app/$(BUNDLE_EXECUTABLE_FOLDER_PATH)/PartyQuest_iOS";
			};
			name = Debug;
		};
		4A1F24902AEA90A2005B264F /* Release */ = {
			isa = XCBuildConfiguration;
			baseConfigurationReference = C69F1ED60EED97E359AF348B /* Pods-PartyQuest_Tests.release.xcconfig */;
			buildSettings = {
				BUNDLE_LOADER = "$(TEST_HOST)";
				CODE_SIGN_STYLE = Automatic;
				CURRENT_PROJECT_VERSION = 1;
				DEVELOPMENT_TEAM = VS6NMW5G3Y;
				GENERATE_INFOPLIST_FILE = YES;
				IPHONEOS_DEPLOYMENT_TARGET = 16.2;
				MACOSX_DEPLOYMENT_TARGET = 13.1;
				MARKETING_VERSION = 1.0;
				PRODUCT_BUNDLE_IDENTIFIER = "com.partyQuest.Harry.PartyQuest-Tests";
				PRODUCT_NAME = "$(TARGET_NAME)";
				SDKROOT = auto;
				SUPPORTED_PLATFORMS = "iphoneos iphonesimulator macosx";
				SWIFT_EMIT_LOC_STRINGS = NO;
				SWIFT_VERSION = 5.0;
				TARGETED_DEVICE_FAMILY = "1,2";
				TEST_HOST = "$(BUILT_PRODUCTS_DIR)/PartyQuest_iOS.app/$(BUNDLE_EXECUTABLE_FOLDER_PATH)/PartyQuest_iOS";
			};
			name = Release;
		};
/* End XCBuildConfiguration section */

/* Begin XCConfigurationList section */
		4A1F245B2AEA8628005B264F /* Build configuration list for PBXProject "PartyQuest_iOS" */ = {
			isa = XCConfigurationList;
			buildConfigurations = (
				4A1F24722AEA8629005B264F /* Debug */,
				4A1F24732AEA8629005B264F /* Release */,
			);
			defaultConfigurationIsVisible = 0;
			defaultConfigurationName = Release;
		};
		4A1F24742AEA8629005B264F /* Build configuration list for PBXNativeTarget "PartyQuest_iOS" */ = {
			isa = XCConfigurationList;
			buildConfigurations = (
				4A1F24752AEA8629005B264F /* Debug */,
				4A1F24762AEA8629005B264F /* Release */,
			);
			defaultConfigurationIsVisible = 0;
			defaultConfigurationName = Release;
		};
		4A1F248E2AEA90A2005B264F /* Build configuration list for PBXNativeTarget "PartyQuest_Tests" */ = {
			isa = XCConfigurationList;
			buildConfigurations = (
				4A1F248F2AEA90A2005B264F /* Debug */,
				4A1F24902AEA90A2005B264F /* Release */,
			);
			defaultConfigurationIsVisible = 0;
			defaultConfigurationName = Release;
		};
/* End XCConfigurationList section */
	};
	rootObject = 4A1F24582AEA8628005B264F /* Project object */;
}
